
Microsoft Visual Studio Solution File, Format Version 12.00
# Visual Studio Version 16
VisualStudioVersion = 16.0.29728.190
MinimumVisualStudioVersion = 10.0.40219.1
Project("{FAE04EC0-301F-11D3-BF4B-00C04F79EFBC}") = "myBank", "myBank.csproj", "{70A20C77-1B32-4E32-B52F-6B47E15C5BA5}"
EndProject
Project("{FAE04EC0-301F-11D3-BF4B-00C04F79EFBC}") = "BankStuff", "..\BankStuff\BankStuff.csproj", "{70ECD716-034F-4CC6-99D9-3BC9B8798208}"
EndProject
Global
	GlobalSection(SolutionConfigurationPlatforms) = preSolution
		Debug|Any CPU = Debug|Any CPU
		Release|Any CPU = Release|Any CPU
	EndGlobalSection
	GlobalSection(ProjectConfigurationPlatforms) = postSolution
		{70A20C77-1B32-4E32-B52F-6B47E15C5BA5}.Debug|Any CPU.ActiveCfg = Debug|Any CPU
		{70A20C77-1B32-4E32-B52F-6B47E15C5BA5}.Debug|Any CPU.Build.0 = Debug|Any CPU
		{70A20C77-1B32-4E32-B52F-6B47E15C5BA5}.Release|Any CPU.ActiveCfg = Release|Any CPU
		{70A20C77-1B32-4E32-B52F-6B47E15C5BA5}.Release|Any CPU.Build.0 = Release|Any CPU
		{70ECD716-034F-4CC6-99D9-3BC9B8798208}.Debug|Any CPU.ActiveCfg = Debug|Any CPU
		{70ECD716-034F-4CC6-99D9-3BC9B8798208}.Debug|Any CPU.Build.0 = Debug|Any CPU
		{70ECD716-034F-4CC6-99D9-3BC9B8798208}.Release|Any CPU.ActiveCfg = Release|Any CPU
		{70ECD716-034F-4CC6-99D9-3BC9B8798208}.Release|Any CPU.Build.0 = Release|Any CPU
	EndGlobalSection
	GlobalSection(SolutionProperties) = preSolution
		HideSolutionNode = FALSE
	EndGlobalSection
	GlobalSection(ExtensibilityGlobals) = postSolution
		SolutionGuid = {370FF3EF-D4D6-4BF9-93A2-CC8B0D8DF092}
	EndGlobalSection
EndGlobal
